{
  "requires": true,
  "lockfileVersion": 1,
  "dependencies": {
    "@types/canvasjs": {
      "version": "1.9.5",
      "resolved": "https://registry.npmjs.org/@types/canvasjs/-/canvasjs-1.9.5.tgz",
      "integrity": "sha512-l2oAzxrhpUipFvOO5oi2u3bDFBqLf+N79ZHmiprRMj7BDAKOb5hTwmwCCsjFCAv0KBhVk4yCemIaAv9j2J3b7A=="
    },
    "canvasjs": {
      "version": "1.8.1",
      "resolved": "https://registry.npmjs.org/canvasjs/-/canvasjs-1.8.1.tgz",
      "integrity": "sha1-aYpOAC4zbOg+8vkQGmvSdrp2V6M="
    }
  }
}
